
Microsoft Visual Studio Solution File, Format Version 12.00
# Visual Studio Version 17
VisualStudioVersion = 17.10.34928.147
MinimumVisualStudioVersion = 10.0.40219.1
Project("{FAE04EC0-301F-11D3-BF4B-00C04F79EFBC}") = "ITIL.Domin", "ITIL.Domin\ITIL.Domin.csproj", "{A9CA0280-D5FC-4177-95B9-FA55F6A20E3D}"
EndProject
Project("{FAE04EC0-301F-11D3-BF4B-00C04F79EFBC}") = "ITIL.Domain.Shared", "ITIL.Domain.Shared\ITIL.Domain.Shared.csproj", "{AC009E3C-6D2D-40F0-9F14-52BCCF41E6D4}"
EndProject
Project("{FAE04EC0-301F-11D3-BF4B-00C04F79EFBC}") = "ITIL.Infrastructure", "ITIL.Infrastructure\ITIL.Infrastructure.csproj", "{EFD412D3-2987-4DE0-B84C-0A2EC0821C6E}"
EndProject
Global
	GlobalSection(SolutionConfigurationPlatforms) = preSolution
		Debug|Any CPU = Debug|Any CPU
		Release|Any CPU = Release|Any CPU
	EndGlobalSection
	GlobalSection(ProjectConfigurationPlatforms) = postSolution
		{A9CA0280-D5FC-4177-95B9-FA55F6A20E3D}.Debug|Any CPU.ActiveCfg = Debug|Any CPU
		{A9CA0280-D5FC-4177-95B9-FA55F6A20E3D}.Debug|Any CPU.Build.0 = Debug|Any CPU
		{A9CA0280-D5FC-4177-95B9-FA55F6A20E3D}.Release|Any CPU.ActiveCfg = Release|Any CPU
		{A9CA0280-D5FC-4177-95B9-FA55F6A20E3D}.Release|Any CPU.Build.0 = Release|Any CPU
		{AC009E3C-6D2D-40F0-9F14-52BCCF41E6D4}.Debug|Any CPU.ActiveCfg = Debug|Any CPU
		{AC009E3C-6D2D-40F0-9F14-52BCCF41E6D4}.Debug|Any CPU.Build.0 = Debug|Any CPU
		{AC009E3C-6D2D-40F0-9F14-52BCCF41E6D4}.Release|Any CPU.ActiveCfg = Release|Any CPU
		{AC009E3C-6D2D-40F0-9F14-52BCCF41E6D4}.Release|Any CPU.Build.0 = Release|Any CPU
		{EFD412D3-2987-4DE0-B84C-0A2EC0821C6E}.Debug|Any CPU.ActiveCfg = Debug|Any CPU
		{EFD412D3-2987-4DE0-B84C-0A2EC0821C6E}.Debug|Any CPU.Build.0 = Debug|Any CPU
		{EFD412D3-2987-4DE0-B84C-0A2EC0821C6E}.Release|Any CPU.ActiveCfg = Release|Any CPU
		{EFD412D3-2987-4DE0-B84C-0A2EC0821C6E}.Release|Any CPU.Build.0 = Release|Any CPU
	EndGlobalSection
	GlobalSection(SolutionProperties) = preSolution
		HideSolutionNode = FALSE
	EndGlobalSection
	GlobalSection(ExtensibilityGlobals) = postSolution
		SolutionGuid = {E94ABCE1-22EA-4ABE-AF8C-BE81DF927C3B}
	EndGlobalSection
EndGlobal
